
Microsoft Visual Studio Solution File, Format Version 12.00
# Visual Studio Version 16
VisualStudioVersion = 16.0.30002.166
MinimumVisualStudioVersion = 10.0.40219.1
Project("{FAE04EC0-301F-11D3-BF4B-00C04F79EFBC}") = "WebAppCRUD", "WebAppCRUD\WebAppCRUD.csproj", "{2A461CDD-E19B-437C-A674-E225E81CFBF2}"
EndProject
Global
	GlobalSection(SolutionConfigurationPlatforms) = preSolution
		Debug|Any CPU = Debug|Any CPU
		Release|Any CPU = Release|Any CPU
	EndGlobalSection
	GlobalSection(ProjectConfigurationPlatforms) = postSolution
		{2A461CDD-E19B-437C-A674-E225E81CFBF2}.Debug|Any CPU.ActiveCfg = Debug|Any CPU
		{2A461CDD-E19B-437C-A674-E225E81CFBF2}.Debug|Any CPU.Build.0 = Debug|Any CPU
		{2A461CDD-E19B-437C-A674-E225E81CFBF2}.Release|Any CPU.ActiveCfg = Release|Any CPU
		{2A461CDD-E19B-437C-A674-E225E81CFBF2}.Release|Any CPU.Build.0 = Release|Any CPU
	EndGlobalSection
	GlobalSection(SolutionProperties) = preSolution
		HideSolutionNode = FALSE
	EndGlobalSection
	GlobalSection(ExtensibilityGlobals) = postSolution
		SolutionGuid = {45512B41-B5D0-416B-85D3-C5025B468CC4}
	EndGlobalSection
EndGlobal
